
Microsoft Visual Studio Solution File, Format Version 12.00
# Visual Studio Version 16
VisualStudioVersion = 25.0.1700.6
MinimumVisualStudioVersion = 10.0.40219.1
Project("{FAE04EC0-301F-11D3-BF4B-00C04F79EFBC}") = "RestSharpCognitoAuthenticator", "RestSharpCognitoAuthenticator.csproj", "{3D7D9700-7D2B-42BD-9D21-AE37C0CDDFDE}"
EndProject
Global
	GlobalSection(SolutionConfigurationPlatforms) = preSolution
		Debug|Any CPU = Debug|Any CPU
		Release|Any CPU = Release|Any CPU
	EndGlobalSection
	GlobalSection(ProjectConfigurationPlatforms) = postSolution
		{3D7D9700-7D2B-42BD-9D21-AE37C0CDDFDE}.Debug|Any CPU.ActiveCfg = Debug|Any CPU
		{3D7D9700-7D2B-42BD-9D21-AE37C0CDDFDE}.Debug|Any CPU.Build.0 = Debug|Any CPU
		{3D7D9700-7D2B-42BD-9D21-AE37C0CDDFDE}.Release|Any CPU.ActiveCfg = Release|Any CPU
		{3D7D9700-7D2B-42BD-9D21-AE37C0CDDFDE}.Release|Any CPU.Build.0 = Release|Any CPU
	EndGlobalSection
	GlobalSection(SolutionProperties) = preSolution
		HideSolutionNode = FALSE
	EndGlobalSection
	GlobalSection(ExtensibilityGlobals) = postSolution
		SolutionGuid = {B771C26E-3122-497D-B42F-1794B822FC46}
	EndGlobalSection
EndGlobal
